{
  "name": "api",
  "version": "1.0.0",
  "lockfileVersion": 3,
  "requires": true,
  "packages": {
    "": {
      "name": "api",
      "version": "1.0.0",
      "license": "ISC",
      "dependencies": {
        "fastify": "^5.6.2",
        "ts-node": "^10.9.2",
        "typescript": "^5.9.3",
        "uuid": "^13.0.0"
      },
      "devDependencies": {
        "@types/express": "^5.0.6",
        "@types/node": "^25.0.8",
        "@types/uuid": "^10.0.0",
        "ts-node-dev": "^2.0.0"
      }
    },
    "../../node_modules/.pnpm/@types+node@25.0.8/node_modules/@types/node": {
      "version": "25.0.8",
      "dev": true,
      "license": "MIT",
      "dependencies": {
        "undici-types": "~7.16.0"
      }
    },
    "../../node_modules/.pnpm/@types+uuid@10.0.0/node_modules/@types/uuid": {
      "version": "10.0.0",
      "dev": true,
      "license": "MIT"
    },
    "../../node_modules/.pnpm/fastify@5.6.2/node_modules/fastify": {
      "version": "5.6.2",
      "funding": [
        {
          "type": "github",
          "url": "https://github.com/sponsors/fastify"
        },
        {
          "type": "opencollective",
          "url": "https://opencollective.com/fastify"
        }
      ],
      "license": "MIT",
      "dependencies": {
        "@fastify/ajv-compiler": "^4.0.0",
        "@fastify/error": "^4.0.0",
        "@fastify/fast-json-stringify-compiler": "^5.0.0",
        "@fastify/proxy-addr": "^5.0.0",
        "abstract-logging": "^2.0.1",
        "avvio": "^9.0.0",
        "fast-json-stringify": "^6.0.0",
        "find-my-way": "^9.0.0",
        "light-my-request": "^6.0.0",
        "pino": "^10.1.0",
        "process-warning": "^5.0.0",
        "rfdc": "^1.3.1",
        "secure-json-parse": "^4.0.0",
        "semver": "^7.6.0",
        "toad-cache": "^3.7.0"
      },
      "devDependencies": {
        "@jsumners/line-reporter": "^1.0.1",
        "@sinclair/typebox": "^0.34.13",
        "@sinonjs/fake-timers": "^11.2.2",
        "@stylistic/eslint-plugin": "^5.1.0",
        "@stylistic/eslint-plugin-js": "^4.1.0",
        "@types/node": "^24.0.12",
        "ajv": "^8.12.0",
        "ajv-errors": "^3.0.0",
        "ajv-formats": "^3.0.1",
        "ajv-i18n": "^4.2.0",
        "ajv-merge-patch": "^5.0.1",
        "autocannon": "^8.0.0",
        "borp": "^0.21.0",
        "branch-comparer": "^1.1.0",
        "concurrently": "^9.1.2",
        "cross-env": "^10.0.0",
        "eslint": "^9.0.0",
        "fast-json-body": "^1.1.0",
        "fastify-plugin": "^5.0.0",
        "fluent-json-schema": "^6.0.0",
        "h2url": "^0.2.0",
        "http-errors": "^2.0.0",
        "joi": "^18.0.1",
        "json-schema-to-ts": "^3.0.1",
        "JSONStream": "^1.3.5",
        "markdownlint-cli2": "^0.18.1",
        "neostandard": "^0.12.0",
        "node-forge": "^1.3.1",
        "proxyquire": "^2.1.3",
        "split2": "^4.2.0",
        "tsd": "^0.33.0",
        "typescript": "~5.9.2",
        "undici": "^7.11.0",
        "vary": "^1.1.2",
        "yup": "^1.4.0"
      }
    },
    "../../node_modules/.pnpm/ts-node-dev@2.0.0_@types+node@25.0.8_typescript@5.9.3/node_modules/ts-node-dev": {
      "version": "2.0.0",
      "dev": true,
      "license": "MIT",
      "dependencies": {
        "chokidar": "^3.5.1",
        "dynamic-dedupe": "^0.3.0",
        "minimist": "^1.2.6",
        "mkdirp": "^1.0.4",
        "resolve": "^1.0.0",
        "rimraf": "^2.6.1",
        "source-map-support": "^0.5.12",
        "tree-kill": "^1.2.2",
        "ts-node": "^10.4.0",
        "tsconfig": "^7.0.0"
      },
      "bin": {
        "ts-node-dev": "lib/bin.js",
        "tsnd": "lib/bin.js"
      },
      "devDependencies": {
        "@types/chai": "^4.2.12",
        "@types/chokidar": "^2.1.3",
        "@types/fs-extra": "^9.0.1",
        "@types/minimist": "^1.2.0",
        "@types/mkdirp": "^1.0.1",
        "@types/mocha": "github:whitecolor/mocha-types",
        "@types/node": "^14.6.0",
        "@types/rimraf": "^3.0.0",
        "@types/tape": "^4.13.0",
        "@types/touch": "^3.1.1",
        "@types/ts-nameof": "^4.2.1",
        "@whitecolor/eslint-config": "^1.0.0",
        "chai": "^4.2.0",
        "chalk": "^4.1.0",
        "coffee-script": "^1.8.0",
        "eslint": "^7.7.0",
        "esm": "^3.2.22",
        "fs-extra": "^9.0.1",
        "mocha": "^8.1.1",
        "np": "^7.6.1",
        "tap": "^5.2.0",
        "tape": "^5.0.1",
        "touch": "^1.0.0",
        "ts-nameof": "^5.0.0",
        "tsconfig-paths": "^3.3.1",
        "ttypescript": "^1.5.10",
        "typescript": "^3.9.5"
      },
      "engines": {
        "node": ">=0.8.0"
      },
      "peerDependencies": {
        "node-notifier": "*",
        "typescript": "*"
      },
      "peerDependenciesMeta": {
        "node-notifier": {
          "optional": true
        }
      }
    },
    "../../node_modules/.pnpm/ts-node@10.9.2_@types+node@25.0.8_typescript@5.9.3/node_modules/ts-node": {
      "version": "10.9.2",
      "license": "MIT",
      "dependencies": {
        "@cspotcode/source-map-support": "^0.8.0",
        "@tsconfig/node10": "^1.0.7",
        "@tsconfig/node12": "^1.0.7",
        "@tsconfig/node14": "^1.0.0",
        "@tsconfig/node16": "^1.0.2",
        "acorn": "^8.4.1",
        "acorn-walk": "^8.1.1",
        "arg": "^4.1.0",
        "create-require": "^1.1.0",
        "diff": "^4.0.1",
        "make-error": "^1.1.1",
        "v8-compile-cache-lib": "^3.0.1",
        "yn": "3.1.1"
      },
      "bin": {
        "ts-node": "dist/bin.js",
        "ts-node-cwd": "dist/bin-cwd.js",
        "ts-node-esm": "dist/bin-esm.js",
        "ts-node-script": "dist/bin-script.js",
        "ts-node-transpile-only": "dist/bin-transpile.js",
        "ts-script": "dist/bin-script-deprecated.js"
      },
      "devDependencies": {
        "@microsoft/api-extractor": "^7.19.4",
        "@swc/core": "^1.3.100",
        "@swc/wasm": "^1.3.100",
        "@types/diff": "^4.0.2",
        "@types/lodash": "^4.14.151",
        "@types/node": "13.13.5",
        "@types/proper-lockfile": "^4.1.2",
        "@types/proxyquire": "^1.3.28",
        "@types/react": "^16.14.19",
        "@types/rimraf": "^3.0.0",
        "@types/semver": "^7.1.0",
        "@yarnpkg/fslib": "^2.4.0",
        "ava": "^3.15.0",
        "axios": "^0.21.1",
        "dprint": "^0.25.0",
        "expect": "^27.0.2",
        "get-stream": "^6.0.0",
        "lodash": "^4.17.15",
        "ntypescript": "^1.201507091536.1",
        "nyc": "^15.0.1",
        "outdent": "^0.8.0",
        "proper-lockfile": "^4.1.2",
        "proxyquire": "^2.0.0",
        "react": "^16.14.0",
        "rimraf": "^3.0.0",
        "semver": "^7.1.3",
        "throat": "^6.0.1",
        "typedoc": "^0.22.10",
        "typescript": "4.7.4",
        "typescript-json-schema": "^0.53.0",
        "util.promisify": "^1.0.1"
      },
      "peerDependencies": {
        "@swc/core": ">=1.2.50",
        "@swc/wasm": ">=1.2.50",
        "@types/node": "*",
        "typescript": ">=2.7"
      },
      "peerDependenciesMeta": {
        "@swc/core": {
          "optional": true
        },
        "@swc/wasm": {
          "optional": true
        }
      }
    },
    "../../node_modules/.pnpm/typescript@5.9.3/node_modules/typescript": {
      "version": "5.9.3",
      "license": "Apache-2.0",
      "bin": {
        "tsc": "bin/tsc",
        "tsserver": "bin/tsserver"
      },
      "devDependencies": {
        "@dprint/formatter": "^0.4.1",
        "@dprint/typescript": "0.93.4",
        "@esfx/canceltoken": "^1.0.0",
        "@eslint/js": "^9.20.0",
        "@octokit/rest": "^21.1.1",
        "@types/chai": "^4.3.20",
        "@types/diff": "^7.0.1",
        "@types/minimist": "^1.2.5",
        "@types/mocha": "^10.0.10",
        "@types/ms": "^0.7.34",
        "@types/node": "latest",
        "@types/source-map-support": "^0.5.10",
        "@types/which": "^3.0.4",
        "@typescript-eslint/rule-tester": "^8.24.1",
        "@typescript-eslint/type-utils": "^8.24.1",
        "@typescript-eslint/utils": "^8.24.1",
        "azure-devops-node-api": "^14.1.0",
        "c8": "^10.1.3",
        "chai": "^4.5.0",
        "chokidar": "^4.0.3",
        "diff": "^7.0.0",
        "dprint": "^0.49.0",
        "esbuild": "^0.25.0",
        "eslint": "^9.20.1",
        "eslint-formatter-autolinkable-stylish": "^1.4.0",
        "eslint-plugin-regexp": "^2.7.0",
        "fast-xml-parser": "^4.5.2",
        "glob": "^10.4.5",
        "globals": "^15.15.0",
        "hereby": "^1.10.0",
        "jsonc-parser": "^3.3.1",
        "knip": "^5.44.4",
        "minimist": "^1.2.8",
        "mocha": "^10.8.2",
        "mocha-fivemat-progress-reporter": "^0.1.0",
        "monocart-coverage-reports": "^2.12.1",
        "ms": "^2.1.3",
        "picocolors": "^1.1.1",
        "playwright": "^1.50.1",
        "source-map-support": "^0.5.21",
        "tslib": "^2.8.1",
        "typescript": "^5.7.3",
        "typescript-eslint": "^8.24.1",
        "which": "^3.0.1"
      },
      "engines": {
        "node": ">=14.17"
      }
    },
    "../../node_modules/.pnpm/uuid@13.0.0/node_modules/uuid": {
      "version": "13.0.0",
      "funding": [
        "https://github.com/sponsors/broofa",
        "https://github.com/sponsors/ctavan"
      ],
      "license": "MIT",
      "bin": {
        "uuid": "dist-node/bin/uuid"
      },
      "devDependencies": {
        "@babel/eslint-parser": "7.27.1",
        "@commitlint/cli": "19.8.0",
        "@commitlint/config-conventional": "19.8.0",
        "@eslint/js": "9.26.0",
        "bundlewatch": "0.4.1",
        "commander": "13.1.0",
        "eslint": "9.26.0",
        "eslint-config-prettier": "10.1.2",
        "eslint-plugin-prettier": "5.4.0",
        "globals": "16.0.0",
        "husky": "9.1.7",
        "jest": "29.7.0",
        "lint-staged": "15.5.2",
        "neostandard": "0.12.1",
        "npm-run-all": "4.1.5",
        "prettier": "3.5.3",
        "release-please": "17.0.0",
        "runmd": "1.4.1",
        "standard-version": "9.5.0",
        "typescript": "5.2.2",
        "typescript-eslint": "8.32.0"
      }
    },
    "node_modules/@types/body-parser": {
      "version": "1.19.6",
      "resolved": "https://registry.npmjs.org/@types/body-parser/-/body-parser-1.19.6.tgz",
      "integrity": "sha512-HLFeCYgz89uk22N5Qg3dvGvsv46B8GLvKKo1zKG4NybA8U2DiEO3w9lqGg29t/tfLRJpJ6iQxnVw4OnB7MoM9g==",
      "dev": true,
      "license": "MIT",
      "dependencies": {
        "@types/connect": "*",
        "@types/node": "*"
      }
    },
    "node_modules/@types/connect": {
      "version": "3.4.38",
      "resolved": "https://registry.npmjs.org/@types/connect/-/connect-3.4.38.tgz",
      "integrity": "sha512-K6uROf1LD88uDQqJCktA4yzL1YYAK6NgfsI0v/mTgyPKWsX1CnJ0XPSDhViejru1GcRkLWb8RlzFYJRqGUbaug==",
      "dev": true,
      "license": "MIT",
      "dependencies": {
        "@types/node": "*"
      }
    },
    "node_modules/@types/express": {
      "version": "5.0.6",
      "resolved": "https://registry.npmjs.org/@types/express/-/express-5.0.6.tgz",
      "integrity": "sha512-sKYVuV7Sv9fbPIt/442koC7+IIwK5olP1KWeD88e/idgoJqDm3JV/YUiPwkoKK92ylff2MGxSz1CSjsXelx0YA==",
      "dev": true,
      "license": "MIT",
      "dependencies": {
        "@types/body-parser": "*",
        "@types/express-serve-static-core": "^5.0.0",
        "@types/serve-static": "^2"
      }
    },
    "node_modules/@types/express-serve-static-core": {
      "version": "5.1.1",
      "resolved": "https://registry.npmjs.org/@types/express-serve-static-core/-/express-serve-static-core-5.1.1.tgz",
      "integrity": "sha512-v4zIMr/cX7/d2BpAEX3KNKL/JrT1s43s96lLvvdTmza1oEvDudCqK9aF/djc/SWgy8Yh0h30TZx5VpzqFCxk5A==",
      "dev": true,
      "license": "MIT",
      "dependencies": {
        "@types/node": "*",
        "@types/qs": "*",
        "@types/range-parser": "*",
        "@types/send": "*"
      }
    },
    "node_modules/@types/http-errors": {
      "version": "2.0.5",
      "resolved": "https://registry.npmjs.org/@types/http-errors/-/http-errors-2.0.5.tgz",
      "integrity": "sha512-r8Tayk8HJnX0FztbZN7oVqGccWgw98T/0neJphO91KkmOzug1KkofZURD4UaD5uH8AqcFLfdPErnBod0u71/qg==",
      "dev": true,
      "license": "MIT"
    },
    "node_modules/@types/node": {
      "resolved": "../../node_modules/.pnpm/@types+node@25.0.8/node_modules/@types/node",
      "link": true
    },
    "node_modules/@types/qs": {
      "version": "6.14.0",
      "resolved": "https://registry.npmjs.org/@types/qs/-/qs-6.14.0.tgz",
      "integrity": "sha512-eOunJqu0K1923aExK6y8p6fsihYEn/BYuQ4g0CxAAgFc4b/ZLN4CrsRZ55srTdqoiLzU2B2evC+apEIxprEzkQ==",
      "dev": true,
      "license": "MIT"
    },
    "node_modules/@types/range-parser": {
      "version": "1.2.7",
      "resolved": "https://registry.npmjs.org/@types/range-parser/-/range-parser-1.2.7.tgz",
      "integrity": "sha512-hKormJbkJqzQGhziax5PItDUTMAM9uE2XXQmM37dyd4hVM+5aVl7oVxMVUiVQn2oCQFN/LKCZdvSM0pFRqbSmQ==",
      "dev": true,
      "license": "MIT"
    },
    "node_modules/@types/send": {
      "version": "1.2.1",
      "resolved": "https://registry.npmjs.org/@types/send/-/send-1.2.1.tgz",
      "integrity": "sha512-arsCikDvlU99zl1g69TcAB3mzZPpxgw0UQnaHeC1Nwb015xp8bknZv5rIfri9xTOcMuaVgvabfIRA7PSZVuZIQ==",
      "dev": true,
      "license": "MIT",
      "dependencies": {
        "@types/node": "*"
      }
    },
    "node_modules/@types/serve-static": {
      "version": "2.2.0",
      "resolved": "https://registry.npmjs.org/@types/serve-static/-/serve-static-2.2.0.tgz",
      "integrity": "sha512-8mam4H1NHLtu7nmtalF7eyBH14QyOASmcxHhSfEoRyr0nP/YdoesEtU+uSRvMe96TW/HPTtkoKqQLl53N7UXMQ==",
      "dev": true,
      "license": "MIT",
      "dependencies": {
        "@types/http-errors": "*",
        "@types/node": "*"
      }
    },
    "node_modules/@types/uuid": {
      "resolved": "../../node_modules/.pnpm/@types+uuid@10.0.0/node_modules/@types/uuid",
      "link": true
    },
    "node_modules/fastify": {
      "resolved": "../../node_modules/.pnpm/fastify@5.6.2/node_modules/fastify",
      "link": true
    },
    "node_modules/ts-node": {
      "resolved": "../../node_modules/.pnpm/ts-node@10.9.2_@types+node@25.0.8_typescript@5.9.3/node_modules/ts-node",
      "link": true
    },
    "node_modules/ts-node-dev": {
      "resolved": "../../node_modules/.pnpm/ts-node-dev@2.0.0_@types+node@25.0.8_typescript@5.9.3/node_modules/ts-node-dev",
      "link": true
    },
    "node_modules/typescript": {
      "resolved": "../../node_modules/.pnpm/typescript@5.9.3/node_modules/typescript",
      "link": true
    },
    "node_modules/uuid": {
      "resolved": "../../node_modules/.pnpm/uuid@13.0.0/node_modules/uuid",
      "link": true
    }
  }
}
